Microsoft Visual Studio Solution File, Format Version 12.00
# Visual Studio Version 17
VisualStudioVersion = 17.5.2.0
MinimumVisualStudioVersion = 10.0.40219.1
Project("{FAE04EC0-301F-11D3-BF4B-00C04F79EFBC}") = "RecipeApiArch", "RecipeApiArch.csproj", "{23655989-A962-D4DA-E8BB-FCBEC5DEB63D}"
EndProject
Global
	GlobalSection(SolutionConfigurationPlatforms) = preSolution
		Debug|Any CPU = Debug|Any CPU
		Release|Any CPU = Release|Any CPU
	EndGlobalSection
	GlobalSection(ProjectConfigurationPlatforms) = postSolution
		{23655989-A962-D4DA-E8BB-FCBEC5DEB63D}.Debug|Any CPU.ActiveCfg = Debug|Any CPU
		{23655989-A962-D4DA-E8BB-FCBEC5DEB63D}.Debug|Any CPU.Build.0 = Debug|Any CPU
		{23655989-A962-D4DA-E8BB-FCBEC5DEB63D}.Release|Any CPU.ActiveCfg = Release|Any CPU
		{23655989-A962-D4DA-E8BB-FCBEC5DEB63D}.Release|Any CPU.Build.0 = Release|Any CPU
	EndGlobalSection
	GlobalSection(SolutionProperties) = preSolution
		HideSolutionNode = FALSE
	EndGlobalSection
	GlobalSection(ExtensibilityGlobals) = postSolution
		SolutionGuid = {EFD89D92-843B-4621-A12E-6FB0447DDF5C}
	EndGlobalSection
EndGlobal
